{
  "name": "fusion-app-js-template",
  "version": "1.0.0",
  "lockfileVersion": 1,
  "requires": true,
  "dependencies": {
    "@equinor/fusion-components": {
      "version": "1.1.8",
      "resolved": "https://registry.npmjs.org/@equinor/fusion-components/-/fusion-components-1.1.8.tgz",
      "integrity": "sha512-kiAg0ilEFXR5WCepQv6KRF9hclC8Hl2c+7UDEBo5LsS3eBhaN4+6RGCxgLt4IPFjpA2ppdEMBTyChBm9CYtFGQ=="
    }
  }
}
